{
  "../../lib/forge-std": {
    "rev": "17a9b2398a7d629931dc66a168a098d051d53dc6"
  },
  "../foundry-mysmart-contract-lottery-f25/lib/chainlink-brownie-contracts": {
    "rev": "12393bd475bd60c222ff12e75c0f68effe1bbaaf"
  },
  "../foundry-mysmart-contract-lottery-f25/lib/forge-std": {
    "rev": "b8f065fda83b8cd94a6b2fec8fcd911dc3b444fd"
  },
  "../foundry-mysmart-contract-lottery-f25/lib/foundry-devops": {
    "rev": "efff097a87e70c3d15661c9f2a2daeae0b33d5d5"
  },
  "../foundry-mysmart-contract-lottery-f25/lib/solmate": {
    "rev": "89365b880c4f3c786bdd453d4b8e8fe410344a69"
  },
  "../foundry-simple-storage-f23/lib/forge-std": {
    "rev": "8bbcf6e3f8f62f419e5429a0bd89331c85c37824"
  },
  "lib/openzeppelin-contracts": {
    "tag": {
      "name": "v5.0.2",
      "rev": "dbb6104ce834628e473d2173bbc9d47f81a9eec3"
    }
  }
}